{
  "name": "typescript",
  "version": "0.0.0",
  "lockfileVersion": 2,
  "requires": true,
  "packages": {
    "": {
      "name": "typescript",
      "version": "0.0.0",
      "dependencies": {
        "@tsconfig/strictest": "^1.0.1",
        "typescript": "^4.8.3"
      }
    },
    "node_modules/@tsconfig/strictest": {
      "version": "1.0.1",
      "resolved": "https://registry.npmjs.org/@tsconfig/strictest/-/strictest-1.0.1.tgz",
      "integrity": "sha512-7O8Q537UQdTZSKEV0f5WRLRFtfL9B8agGqIZrCOwOiWvbjZWPP2rAoZ7LHcwjdG4vnjdleHMEE+ZetM+lhRkcA=="
    },
    "node_modules/typescript": {
      "version": "4.8.3",
      "resolved": "https://registry.npmjs.org/typescript/-/typescript-4.8.3.tgz",
      "integrity": "sha512-goMHfm00nWPa8UvR/CPSvykqf6dVV8x/dp0c5mFTMTIu0u0FlGWRioyy7Nn0PGAdHxpJZnuO/ut+PpQ8UiHAig==",
      "bin": {
        "tsc": "bin/tsc",
        "tsserver": "bin/tsserver"
      },
      "engines": {
        "node": ">=4.2.0"
      }
    }
  },
  "dependencies": {
    "@tsconfig/strictest": {
      "version": "1.0.1",
      "resolved": "https://registry.npmjs.org/@tsconfig/strictest/-/strictest-1.0.1.tgz",
      "integrity": "sha512-7O8Q537UQdTZSKEV0f5WRLRFtfL9B8agGqIZrCOwOiWvbjZWPP2rAoZ7LHcwjdG4vnjdleHMEE+ZetM+lhRkcA=="
    },
    "typescript": {
      "version": "4.8.3",
      "resolved": "https://registry.npmjs.org/typescript/-/typescript-4.8.3.tgz",
      "integrity": "sha512-goMHfm00nWPa8UvR/CPSvykqf6dVV8x/dp0c5mFTMTIu0u0FlGWRioyy7Nn0PGAdHxpJZnuO/ut+PpQ8UiHAig=="
    }
  }
}
